// !$*UTF8*$!
{
	archiveVersion = 1;
	classes = {
	};
	objectVersion = 46;
	objects = {

/* Begin PBXBuildFile section */
		1959D94D1E0E2F2300415D9E /* AppDelegate.swift in Sources */ = {isa = PBXBuildFile; fileRef = 1959D94C1E0E2F2300415D9E /* AppDelegate.swift */; };
		1959D94F1E0E2F2300415D9E /* ViewController.swift in Sources */ = {isa = PBXBuildFile; fileRef = 1959D94E1E0E2F2300415D9E /* ViewController.swift */; };
		1959D9521E0E2F2300415D9E /* Main.storyboard in Resources */ = {isa = PBXBuildFile; fileRef = 1959D9501E0E2F2300415D9E /* Main.storyboard */; };
		1959D9541E0E2F2300415D9E /* Assets.xcassets in Resources */ = {isa = PBXBuildFile; fileRef = 1959D9531E0E2F2300415D9E /* Assets.xcassets */; };
		1959D9571E0E2F2300415D9E /* LaunchScreen.storyboard in Resources */ = {isa = PBXBuildFile; fileRef = 1959D9551E0E2F2300415D9E /* LaunchScreen.storyboard */; };
		1959D9621E0E2F2300415D9E /* Big3DairyTests.swift in Sources */ = {isa = PBXBuildFile; fileRef = 1959D9611E0E2F2300415D9E /* Big3DairyTests.swift */; };
		1959D96D1E0E2F2300415D9E /* Big3DairyUITests.swift in Sources */ = {isa = PBXBuildFile; fileRef = 1959D96C1E0E2F2300415D9E /* Big3DairyUITests.swift */; };
/* End PBXBuildFile section */

/* Begin PBXContainerItemProxy section */
		1959D95E1E0E2F2300415D9E /* PBXContainerItemProxy */ = {
			isa = PBXContainerItemProxy;
			containerPortal = 1959D9411E0E2F2300415D9E /* Project object */;
			proxyType = 1;
			remoteGlobalIDString = 1959D9481E0E2F2300415D9E;
			remoteInfo = Big3Dairy;
		};
		1959D9691E0E2F2300415D9E /* PBXContainerItemProxy */ = {
			isa = PBXContainerItemProxy;
			containerPortal = 1959D9411E0E2F2300415D9E /* Project object */;
			proxyType = 1;
			remoteGlobalIDString = 1959D9481E0E2F2300415D9E;
			remoteInfo = Big3Dairy;
		};
/* End PBXContainerItemProxy section */

/* Begin PBXFileReference section */
		1959D9491E0E2F2300415D9E /* Big3Dairy.app */ = {isa = PBXFileReference; explicitFileType = wrapper.application; includeInIndex = 0; path = Big3Dairy.app; sourceTree = BUILT_PRODUCTS_DIR; };
		1959D94C1E0E2F2300415D9E /* AppDelegate.swift */ = {isa = PBXFileReference; lastKnownFileType = sourcecode.swift; path = AppDelegate.swift; sourceTree = "<group>"; };
		1959D94E1E0E2F2300415D9E /* ViewController.swift */ = {isa = PBXFileReference; lastKnownFileType = sourcecode.swift; path = ViewController.swift; sourceTree = "<group>"; };
		1959D9511E0E2F2300415D9E /* Base */ = {isa = PBXFileReference; lastKnownFileType = file.storyboard; name = Base; path = Base.lproj/Main.storyboard; sourceTree = "<group>"; };
		1959D9531E0E2F2300415D9E /* Assets.xcassets */ = {isa = PBXFileReference; lastKnownFileType = folder.assetcatalog; path = Assets.xcassets; sourceTree = "<group>"; };
		1959D9561E0E2F2300415D9E /* Base */ = {isa = PBXFileReference; lastKnownFileType = file.storyboard; name = Base; path = Base.lproj/LaunchScreen.storyboard; sourceTree = "<group>"; };
		1959D9581E0E2F2300415D9E /* Info.plist */ = {isa = PBXFileReference; lastKnownFileType = text.plist.xml; path = Info.plist; sourceTree = "<group>"; };
		1959D95D1E0E2F2300415D9E /* Big3DairyTests.xctest */ = {isa = PBXFileReference; explicitFileType = wrapper.cfbundle; includeInIndex = 0; path = Big3DairyTests.xctest; sourceTree = BUILT_PRODUCTS_DIR; };
		1959D9611E0E2F2300415D9E /* Big3DairyTests.swift */ = {isa = PBXFileReference; lastKnownFileType = sourcecode.swift; path = Big3DairyTests.swift; sourceTree = "<group>"; };
		1959D9631E0E2F2300415D9E /* Info.plist */ = {isa = PBXFileReference; lastKnownFileType = text.plist.xml; path = Info.plist; sourceTree = "<group>"; };
		1959D9681E0E2F2300415D9E /* Big3DairyUITests.xctest */ = {isa = PBXFileReference; explicitFileType = wrapper.cfbundle; includeInIndex = 0; path = Big3DairyUITests.xctest; sourceTree = BUILT_PRODUCTS_DIR; };
		1959D96C1E0E2F2300415D9E /* Big3DairyUITests.swift */ = {isa = PBXFileReference; lastKnownFileType = sourcecode.swift; path = Big3DairyUITests.swift; sourceTree = "<group>"; };
		1959D96E1E0E2F2300415D9E /* Info.plist */ = {isa = PBXFileReference; lastKnownFileType = text.plist.xml; path = Info.plist; sourceTree = "<group>"; };
/* End PBXFileReference section */

/* Begin PBXFrameworksBuildPhase section */
		1959D9461E0E2F2300415D9E /* Frameworks */ = {
			isa = PBXFrameworksBuildPhase;
			buildActionMask = 2147483647;
			files = (
			);
			runOnlyForDeploymentPostprocessing = 0;
		};
		1959D95A1E0E2F2300415D9E /* Frameworks */ = {
			isa = PBXFrameworksBuildPhase;
			buildActionMask = 2147483647;
			files = (
			);
			runOnlyForDeploymentPostprocessing = 0;
		};
		1959D9651E0E2F2300415D9E /* Frameworks */ = {
			isa = PBXFrameworksBuildPhase;
			buildActionMask = 2147483647;
			files = (
			);
			runOnlyForDeploymentPostprocessing = 0;
		};
/* End PBXFrameworksBuildPhase section */

/* Begin PBXGroup section */
		1959D9401E0E2F2300415D9E = {
			isa = PBXGroup;
			children = (
				1959D94B1E0E2F2300415D9E /* Big3Dairy */,
				1959D9601E0E2F2300415D9E /* Big3DairyTests */,
				1959D96B1E0E2F2300415D9E /* Big3DairyUITests */,
				1959D94A1E0E2F2300415D9E /* Products */,
			);
			sourceTree = "<group>";
		};
		1959D94A1E0E2F2300415D9E /* Products */ = {
			isa = PBXGroup;
			children = (
				1959D9491E0E2F2300415D9E /* Big3Dairy.app */,
				1959D95D1E0E2F2300415D9E /* Big3DairyTests.xctest */,
				1959D9681E0E2F2300415D9E /* Big3DairyUITests.xctest */,
			);
			name = Products;
			sourceTree = "<group>";
		};
		1959D94B1E0E2F2300415D9E /* Big3Dairy */ = {
			isa = PBXGroup;
			children = (
				1959D94C1E0E2F2300415D9E /* AppDelegate.swift */,
				1959D94E1E0E2F2300415D9E /* ViewController.swift */,
				1959D9501E0E2F2300415D9E /* Main.storyboard */,
				1959D9531E0E2F2300415D9E /* Assets.xcassets */,
				1959D9551E0E2F2300415D9E /* LaunchScreen.storyboard */,
				1959D9581E0E2F2300415D9E /* Info.plist */,
			);
			path = Big3Dairy;
			sourceTree = "<group>";
		};
		1959D9601E0E2F2300415D9E /* Big3DairyTests */ = {
			isa = PBXGroup;
			children = (
				1959D9611E0E2F2300415D9E /* Big3DairyTests.swift */,
				1959D9631E0E2F2300415D9E /* Info.plist */,
			);
			path = Big3DairyTests;
			sourceTree = "<group>";
		};
		1959D96B1E0E2F2300415D9E /* Big3DairyUITests */ = {
			isa = PBXGroup;
			children = (
				1959D96C1E0E2F2300415D9E /* Big3DairyUITests.swift */,
				1959D96E1E0E2F2300415D9E /* Info.plist */,
			);
			path = Big3DairyUITests;
			sourceTree = "<group>";
		};
/* End PBXGroup section */

/* Begin PBXNativeTarget section */
		1959D9481E0E2F2300415D9E /* Big3Dairy */ = {
			isa = PBXNativeTarget;
			buildConfigurationList = 1959D9711E0E2F2300415D9E /* Build configuration list for PBXNativeTarget "Big3Dairy" */;
			buildPhases = (
				1959D9451E0E2F2300415D9E /* Sources */,
				1959D9461E0E2F2300415D9E /* Frameworks */,
				1959D9471E0E2F2300415D9E /* Resources */,
			);
			buildRules = (
			);
			dependencies = (
			);
			name = Big3Dairy;
			productName = Big3Dairy;
			productReference = 1959D9491E0E2F2300415D9E /* Big3Dairy.app */;
			productType = "com.apple.product-type.application";
		};
		1959D95C1E0E2F2300415D9E /* Big3DairyTests */ = {
			isa = PBXNativeTarget;
			buildConfigurationList = 1959D9741E0E2F2300415D9E /* Build configuration list for PBXNativeTarget "Big3DairyTests" */;
			buildPhases = (
				1959D9591E0E2F2300415D9E /* Sources */,
				1959D95A1E0E2F2300415D9E /* Frameworks */,
				1959D95B1E0E2F2300415D9E /* Resources */,
			);
			buildRules = (
			);
			dependencies = (
				1959D95F1E0E2F2300415D9E /* PBXTargetDependency */,
			);
			name = Big3DairyTests;
			productName = Big3DairyTests;
			productReference = 1959D95D1E0E2F2300415D9E /* Big3DairyTests.xctest */;
			productType = "com.apple.product-type.bundle.unit-test";
		};
		1959D9671E0E2F2300415D9E /* Big3DairyUITests */ = {
			isa = PBXNativeTarget;
			buildConfigurationList = 1959D9771E0E2F2300415D9E /* Build configuration list for PBXNativeTarget "Big3DairyUITests" */;
			buildPhases = (
				1959D9641E0E2F2300415D9E /* Sources */,
				1959D9651E0E2F2300415D9E /* Frameworks */,
				1959D9661E0E2F2300415D9E /* Resources */,
			);
			buildRules = (
			);
			dependencies = (
				1959D96A1E0E2F2300415D9E /* PBXTargetDependency */,
			);
			name = Big3DairyUITests;
			productName = Big3DairyUITests;
			productReference = 1959D9681E0E2F2300415D9E /* Big3DairyUITests.xctest */;
			productType = "com.apple.product-type.bundle.ui-testing";
		};
/* End PBXNativeTarget section */

/* Begin PBXProject section */
		1959D9411E0E2F2300415D9E /* Project object */ = {
			isa = PBXProject;
			attributes = {
				LastSwiftUpdateCheck = 0820;
				LastUpgradeCheck = 0820;
				ORGANIZATIONNAME = "山田尚吾";
				TargetAttributes = {
					1959D9481E0E2F2300415D9E = {
						CreatedOnToolsVersion = 8.2.1;
						DevelopmentTeam = 77MXZW87XD;
						ProvisioningStyle = Automatic;
					};
					1959D95C1E0E2F2300415D9E = {
						CreatedOnToolsVersion = 8.2.1;
						DevelopmentTeam = 77MXZW87XD;
						ProvisioningStyle = Automatic;
						TestTargetID = 1959D9481E0E2F2300415D9E;
					};
					1959D9671E0E2F2300415D9E = {
						CreatedOnToolsVersion = 8.2.1;
						DevelopmentTeam = 77MXZW87XD;
						ProvisioningStyle = Automatic;
						TestTargetID = 1959D9481E0E2F2300415D9E;
					};
				};
			};
			buildConfigurationList = 1959D9441E0E2F2300415D9E /* Build configuration list for PBXProject "Big3Dairy" */;
			compatibilityVersion = "Xcode 3.2";
			developmentRegion = English;
			hasScannedForEncodings = 0;
			knownRegions = (
				en,
				Base,
			);
			mainGroup = 1959D9401E0E2F2300415D9E;
			productRefGroup = 1959D94A1E0E2F2300415D9E /* Products */;
			projectDirPath = "";
			projectRoot = "";
			targets = (
				1959D9481E0E2F2300415D9E /* Big3Dairy */,
				1959D95C1E0E2F2300415D9E /* Big3DairyTests */,
				1959D9671E0E2F2300415D9E /* Big3DairyUITests */,
			);
		};
/* End PBXProject section */

/* Begin PBXResourcesBuildPhase section */
		1959D9471E0E2F2300415D9E /* Resources */ = {
			isa = PBXResourcesBuildPhase;
			buildActionMask = 2147483647;
			files = (
				1959D9571E0E2F2300415D9E /* LaunchScreen.storyboard in Resources */,
				1959D9541E0E2F2300415D9E /* Assets.xcassets in Resources */,
				1959D9521E0E2F2300415D9E /* Main.storyboard in Resources */,
			);
			runOnlyForDeploymentPostprocessing = 0;
		};
		1959D95B1E0E2F2300415D9E /* Resources */ = {
			isa = PBXResourcesBuildPhase;
			buildActionMask = 2147483647;
			files = (
			);
			runOnlyForDeploymentPostprocessing = 0;
		};
		1959D9661E0E2F2300415D9E /* Resources */ = {
			isa = PBXResourcesBuildPhase;
			buildActionMask = 2147483647;
			files = (
			);
			runOnlyForDeploymentPostprocessing = 0;
		};
/* End PBXResourcesBuildPhase section */

/* Begin PBXSourcesBuildPhase section */
		1959D9451E0E2F2300415D9E /* Sources */ = {
			isa = PBXSourcesBuildPhase;
			buildActionMask = 2147483647;
			files = (
				1959D94F1E0E2F2300415D9E /* ViewController.swift in Sources */,
				1959D94D1E0E2F2300415D9E /* AppDelegate.swift in Sources */,
			);
			runOnlyForDeploymentPostprocessing = 0;
		};
		1959D9591E0E2F2300415D9E /* Sources */ = {
			isa = PBXSourcesBuildPhase;
			buildActionMask = 2147483647;
			files = (
				1959D9621E0E2F2300415D9E /* Big3DairyTests.swift in Sources */,
			);
			runOnlyForDeploymentPostprocessing = 0;
		};
		1959D9641E0E2F2300415D9E /* Sources */ = {
			isa = PBXSourcesBuildPhase;
			buildActionMask = 2147483647;
			files = (
				1959D96D1E0E2F2300415D9E /* Big3DairyUITests.swift in Sources */,
			);
			runOnlyForDeploymentPostprocessing = 0;
		};
/* End PBXSourcesBuildPhase section */

/* Begin PBXTargetDependency section */
		1959D95F1E0E2F2300415D9E /* PBXTargetDependency */ = {
			isa = PBXTargetDependency;
			target = 1959D9481E0E2F2300415D9E /* Big3Dairy */;
			targetProxy = 1959D95E1E0E2F2300415D9E /* PBXContainerItemProxy */;
		};
		1959D96A1E0E2F2300415D9E /* PBXTargetDependency */ = {
			isa = PBXTargetDependency;
			target = 1959D9481E0E2F2300415D9E /* Big3Dairy */;
			targetProxy = 1959D9691E0E2F2300415D9E /* PBXContainerItemProxy */;
		};
/* End PBXTargetDependency section */

/* Begin PBXVariantGroup section */
		1959D9501E0E2F2300415D9E /* Main.storyboard */ = {
			isa = PBXVariantGroup;
			children = (
				1959D9511E0E2F2300415D9E /* Base */,
			);
			name = Main.storyboard;
			sourceTree = "<group>";
		};
		1959D9551E0E2F2300415D9E /* LaunchScreen.storyboard */ = {
			isa = PBXVariantGroup;
			children = (
				1959D9561E0E2F2300415D9E /* Base */,
			);
			name = LaunchScreen.storyboard;
			sourceTree = "<group>";
		};
/* End PBXVariantGroup section */

/* Begin XCBuildConfiguration section */
		1959D96F1E0E2F2300415D9E /* Debug */ = {
			isa = XCBuildConfiguration;
			buildSettings = {
				ALWAYS_SEARCH_USER_PATHS = NO;
				CLANG_ANALYZER_NONNULL = YES;
				CLANG_CXX_LANGUAGE_STANDARD = "gnu++0x";
				CLANG_CXX_LIBRARY = "libc++";
				CLANG_ENABLE_MODULES = YES;
				CLANG_ENABLE_OBJC_ARC = YES;
				CLANG_WARN_BOOL_CONVERSION = YES;
				CLANG_WARN_CONSTANT_CONVERSION = YES;
				CLANG_WARN_DIRECT_OBJC_ISA_USAGE = YES_ERROR;
				CLANG_WARN_DOCUMENTATION_COMMENTS = YES;
				CLANG_WARN_EMPTY_BODY = YES;
				CLANG_WARN_ENUM_CONVERSION = YES;
				CLANG_WARN_INFINITE_RECURSION = YES;
				CLANG_WARN_INT_CONVERSION = YES;
				CLANG_WARN_OBJC_ROOT_CLASS = YES_ERROR;
				CLANG_WARN_SUSPICIOUS_MOVE = YES;
				CLANG_WARN_UNREACHABLE_CODE = YES;
				CLANG_WARN__DUPLICATE_METHOD_MATCH = YES;
				"CODE_SIGN_IDENTITY[sdk=iphoneos*]" = "iPhone Developer";
				COPY_PHASE_STRIP = NO;
				DEBUG_INFORMATION_FORMAT = dwarf;
				ENABLE_STRICT_OBJC_MSGSEND = YES;
				ENABLE_TESTABILITY = YES;
				GCC_C_LANGUAGE_STANDARD = gnu99;
				GCC_DYNAMIC_NO_PIC = NO;
				GCC_NO_COMMON_BLOCKS = YES;
				GCC_OPTIMIZATION_LEVEL = 0;
				GCC_PREPROCESSOR_DEFINITIONS = (
					"DEBUG=1",
					"$(inherited)",
				);
				GCC_WARN_64_TO_32_BIT_CONVERSION = YES;
				GCC_WARN_ABOUT_RETURN_TYPE = YES_ERROR;
				GCC_WARN_UNDECLARED_SELECTOR = YES;
				GCC_WARN_UNINITIALIZED_AUTOS = YES_AGGRESSIVE;
				GCC_WARN_UNUSED_FUNCTION = YES;
				GCC_WARN_UNUSED_VARIABLE = YES;
				IPHONEOS_DEPLOYMENT_TARGET = 10.2;
				MTL_ENABLE_DEBUG_INFO = YES;
				ONLY_ACTIVE_ARCH = YES;
				SDKROOT = iphoneos;
				SWIFT_ACTIVE_COMPILATION_CONDITIONS = DEBUG;
				SWIFT_OPTIMIZATION_LEVEL = "-Onone";
			};
			name = Debug;
		};
		1959D9701E0E2F2300415D9E /* Release */ = {
			isa = XCBuildConfiguration;
			buildSettings = {
				ALWAYS_SEARCH_USER_PATHS = NO;
				CLANG_ANALYZER_NONNULL = YES;
				CLANG_CXX_LANGUAGE_STANDARD = "gnu++0x";
				CLANG_CXX_LIBRARY = "libc++";
				CLANG_ENABLE_MODULES = YES;
				CLANG_ENABLE_OBJC_ARC = YES;
				CLANG_WARN_BOOL_CONVERSION = YES;
				CLANG_WARN_CONSTANT_CONVERSION = YES;
				CLANG_WARN_DIRECT_OBJC_ISA_USAGE = YES_ERROR;
				CLANG_WARN_DOCUMENTATION_COMMENTS = YES;
				CLANG_WARN_EMPTY_BODY = YES;
				CLANG_WARN_ENUM_CONVERSION = YES;
				CLANG_WARN_INFINITE_RECURSION = YES;
				CLANG_WARN_INT_CONVERSION = YES;
				CLANG_WARN_OBJC_ROOT_CLASS = YES_ERROR;
				CLANG_WARN_SUSPICIOUS_MOVE = YES;
				CLANG_WARN_UNREACHABLE_CODE = YES;
				CLANG_WARN__DUPLICATE_METHOD_MATCH = YES;
				"CODE_SIGN_IDENTITY[sdk=iphoneos*]" = "iPhone Developer";
				COPY_PHASE_STRIP = NO;
				DEBUG_INFORMATION_FORMAT = "dwarf-with-dsym";
				ENABLE_NS_ASSERTIONS = NO;
				ENABLE_STRICT_OBJC_MSGSEND = YES;
				GCC_C_LANGUAGE_STANDARD = gnu99;
				GCC_NO_COMMON_BLOCKS = YES;
				GCC_WARN_64_TO_32_BIT_CONVERSION = YES;
				GCC_WARN_ABOUT_RETURN_TYPE = YES_ERROR;
				GCC_WARN_UNDECLARED_SELECTOR = YES;
				GCC_WARN_UNINITIALIZED_AUTOS = YES_AGGRESSIVE;
				GCC_WARN_UNUSED_FUNCTION = YES;
				GCC_WARN_UNUSED_VARIABLE = YES;
				IPHONEOS_DEPLOYMENT_TARGET = 10.2;
				MTL_ENABLE_DEBUG_INFO = NO;
				SDKROOT = iphoneos;
				SWIFT_OPTIMIZATION_LEVEL = "-Owholemodule";
				VALIDATE_PRODUCT = YES;
			};
			name = Release;
		};
		1959D9721E0E2F2300415D9E /* Debug */ = {
			isa = XCBuildConfiguration;
			buildSettings = {
				ASSETCATALOG_COMPILER_APPICON_NAME = AppIcon;
				DEVELOPMENT_TEAM = 77MXZW87XD;
				INFOPLIST_FILE = Big3Dairy/Info.plist;
				LD_RUNPATH_SEARCH_PATHS = "$(inherited) @executable_path/Frameworks";
				PRODUCT_BUNDLE_IDENTIFIER = jp.co.shogo.Big3Dairy;
				PRODUCT_NAME = "$(TARGET_NAME)";
				SWIFT_VERSION = 3.0;
			};
			name = Debug;
		};
		1959D9731E0E2F2300415D9E /* Release */ = {
			isa = XCBuildConfiguration;
			buildSettings = {
				ASSETCATALOG_COMPILER_APPICON_NAME = AppIcon;
				DEVELOPMENT_TEAM = 77MXZW87XD;
				INFOPLIST_FILE = Big3Dairy/Info.plist;
				LD_RUNPATH_SEARCH_PATHS = "$(inherited) @executable_path/Frameworks";
				PRODUCT_BUNDLE_IDENTIFIER = jp.co.shogo.Big3Dairy;
				PRODUCT_NAME = "$(TARGET_NAME)";
				SWIFT_VERSION = 3.0;
			};
			name = Release;
		};
		1959D9751E0E2F2300415D9E /* Debug */ = {
			isa = XCBuildConfiguration;
			buildSettings = {
				ALWAYS_EMBED_SWIFT_STANDARD_LIBRARIES = YES;
				BUNDLE_LOADER = "$(TEST_HOST)";
				DEVELOPMENT_TEAM = 77MXZW87XD;
				INFOPLIST_FILE = Big3DairyTests/Info.plist;
				LD_RUNPATH_SEARCH_PATHS = "$(inherited) @executable_path/Frameworks @loader_path/Frameworks";
				PRODUCT_BUNDLE_IDENTIFIER = jp.co.shogo.Big3DairyTests;
				PRODUCT_NAME = "$(TARGET_NAME)";
				SWIFT_VERSION = 3.0;
				TEST_HOST = "$(BUILT_PRODUCTS_DIR)/Big3Dairy.app/Big3Dairy";
			};
			name = Debug;
		};
		1959D9761E0E2F2300415D9E /* Release */ = {
			isa = XCBuildConfiguration;
			buildSettings = {
				ALWAYS_EMBED_SWIFT_STANDARD_LIBRARIES = YES;
				BUNDLE_LOADER = "$(TEST_HOST)";
				DEVELOPMENT_TEAM = 77MXZW87XD;
				INFOPLIST_FILE = Big3DairyTests/Info.plist;
				LD_RUNPATH_SEARCH_PATHS = "$(inherited) @executable_path/Frameworks @loader_path/Frameworks";
				PRODUCT_BUNDLE_IDENTIFIER = jp.co.shogo.Big3DairyTests;
				PRODUCT_NAME = "$(TARGET_NAME)";
				SWIFT_VERSION = 3.0;
				TEST_HOST = "$(BUILT_PRODUCTS_DIR)/Big3Dairy.app/Big3Dairy";
			};
			name = Release;
		};
		1959D9781E0E2F2300415D9E /* Debug */ = {
			isa = XCBuildConfiguration;
			buildSettings = {
				ALWAYS_EMBED_SWIFT_STANDARD_LIBRARIES = YES;
				DEVELOPMENT_TEAM = 77MXZW87XD;
				INFOPLIST_FILE = Big3DairyUITests/Info.plist;
				LD_RUNPATH_SEARCH_PATHS = "$(inherited) @executable_path/Frameworks @loader_path/Frameworks";
				PRODUCT_BUNDLE_IDENTIFIER = jp.co.shogo.Big3DairyUITests;
				PRODUCT_NAME = "$(TARGET_NAME)";
				SWIFT_VERSION = 3.0;
				TEST_TARGET_NAME = Big3Dairy;
			};
			name = Debug;
		};
		1959D9791E0E2F2300415D9E /* Release */ = {
			isa = XCBuildConfiguration;
			buildSettings = {
				ALWAYS_EMBED_SWIFT_STANDARD_LIBRARIES = YES;
				DEVELOPMENT_TEAM = 77MXZW87XD;
				INFOPLIST_FILE = Big3DairyUITests/Info.plist;
				LD_RUNPATH_SEARCH_PATHS = "$(inherited) @executable_path/Frameworks @loader_path/Frameworks";
				PRODUCT_BUNDLE_IDENTIFIER = jp.co.shogo.Big3DairyUITests;
				PRODUCT_NAME = "$(TARGET_NAME)";
				SWIFT_VERSION = 3.0;
				TEST_TARGET_NAME = Big3Dairy;
			};
			name = Release;
		};
/* End XCBuildConfiguration section */

/* Begin XCConfigurationList section */
		1959D9441E0E2F2300415D9E /* Build configuration list for PBXProject "Big3Dairy" */ = {
			isa = XCConfigurationList;
			buildConfigurations = (
				1959D96F1E0E2F2300415D9E /* Debug */,
				1959D9701E0E2F2300415D9E /* Release */,
			);
			defaultConfigurationIsVisible = 0;
			defaultConfigurationName = Release;
		};
		1959D9711E0E2F2300415D9E /* Build configuration list for PBXNativeTarget "Big3Dairy" */ = {
			isa = XCConfigurationList;
			buildConfigurations = (
				1959D9721E0E2F2300415D9E /* Debug */,
				1959D9731E0E2F2300415D9E /* Release */,
			);
			defaultConfigurationIsVisible = 0;
		};
		1959D9741E0E2F2300415D9E /* Build configuration list for PBXNativeTarget "Big3DairyTests" */ = {
			isa = XCConfigurationList;
			buildConfigurations = (
				1959D9751E0E2F2300415D9E /* Debug */,
				1959D9761E0E2F2300415D9E /* Release */,
			);
			defaultConfigurationIsVisible = 0;
		};
		1959D9771E0E2F2300415D9E /* Build configuration list for PBXNativeTarget "Big3DairyUITests" */ = {
			isa = XCConfigurationList;
			buildConfigurations = (
				1959D9781E0E2F2300415D9E /* Debug */,
				1959D9791E0E2F2300415D9E /* Release */,
			);
			defaultConfigurationIsVisible = 0;
		};
/* End XCConfigurationList section */
	};
	rootObject = 1959D9411E0E2F2300415D9E /* Project object */;
}
